
Microsoft Visual Studio Solution File, Format Version 12.00
# Visual Studio 15
VisualStudioVersion = 15.0.28307.757
MinimumVisualStudioVersion = 10.0.40219.1
Project("{FAE04EC0-301F-11D3-BF4B-00C04F79EFBC}") = "ConsoleApp2", "ConsoleApp2\ConsoleApp2.csproj", "{BE48E59B-CB5D-4698-8FF8-72667405467A}"
EndProject
Global
	GlobalSection(SolutionConfigurationPlatforms) = preSolution
		Debug|Any CPU = Debug|Any CPU
		Release|Any CPU = Release|Any CPU
	EndGlobalSection
	GlobalSection(ProjectConfigurationPlatforms) = postSolution
		{BE48E59B-CB5D-4698-8FF8-72667405467A}.Debug|Any CPU.ActiveCfg = Debug|Any CPU
		{BE48E59B-CB5D-4698-8FF8-72667405467A}.Debug|Any CPU.Build.0 = Debug|Any CPU
		{BE48E59B-CB5D-4698-8FF8-72667405467A}.Release|Any CPU.ActiveCfg = Release|Any CPU
		{BE48E59B-CB5D-4698-8FF8-72667405467A}.Release|Any CPU.Build.0 = Release|Any CPU
	EndGlobalSection
	GlobalSection(SolutionProperties) = preSolution
		HideSolutionNode = FALSE
	EndGlobalSection
	GlobalSection(ExtensibilityGlobals) = postSolution
		SolutionGuid = {196D675D-56C3-4FF5-9113-54A097567C16}
	EndGlobalSection
EndGlobal
