
Microsoft Visual Studio Solution File, Format Version 12.00
# Visual Studio 14
VisualStudioVersion = 14.0.24720.0
MinimumVisualStudioVersion = 10.0.40219.1
Project("{FAE04EC0-301F-11D3-BF4B-00C04F79EFBC}") = "SCLTool", "SCLMenu\SCLTool.csproj", "{9A1D965D-FF6E-4B4C-AF14-04C4B05A8735}"
EndProject
Project("{FAE04EC0-301F-11D3-BF4B-00C04F79EFBC}") = "SCLUtilities", "Library\SCLUtilities.csproj", "{D561C2E3-AC96-44FA-8F1D-1F1A0BED93E5}"
EndProject
Global
	GlobalSection(SolutionConfigurationPlatforms) = preSolution
		Debug|Any CPU = Debug|Any CPU
		Release|Any CPU = Release|Any CPU
	EndGlobalSection
	GlobalSection(ProjectConfigurationPlatforms) = postSolution
		{9A1D965D-FF6E-4B4C-AF14-04C4B05A8735}.Debug|Any CPU.ActiveCfg = Debug|Any CPU
		{9A1D965D-FF6E-4B4C-AF14-04C4B05A8735}.Debug|Any CPU.Build.0 = Debug|Any CPU
		{9A1D965D-FF6E-4B4C-AF14-04C4B05A8735}.Release|Any CPU.ActiveCfg = Release|Any CPU
		{9A1D965D-FF6E-4B4C-AF14-04C4B05A8735}.Release|Any CPU.Build.0 = Release|Any CPU
		{D561C2E3-AC96-44FA-8F1D-1F1A0BED93E5}.Debug|Any CPU.ActiveCfg = Debug|Any CPU
		{D561C2E3-AC96-44FA-8F1D-1F1A0BED93E5}.Debug|Any CPU.Build.0 = Debug|Any CPU
		{D561C2E3-AC96-44FA-8F1D-1F1A0BED93E5}.Release|Any CPU.ActiveCfg = Release|Any CPU
		{D561C2E3-AC96-44FA-8F1D-1F1A0BED93E5}.Release|Any CPU.Build.0 = Release|Any CPU
	EndGlobalSection
	GlobalSection(SolutionProperties) = preSolution
		HideSolutionNode = FALSE
	EndGlobalSection
	GlobalSection(ExtensibilityGlobals) = postSolution
		SolutionGuid = {D97206D4-80CE-41C2-9684-DF721C5EECF0}
	EndGlobalSection
EndGlobal
